PODS:
  - Realm (10.11.0):
    - Realm/Headers (= 10.11.0)
  - Realm/Headers (10.11.0)
  - RealmSwift (10.11.0):
    - Realm (= 10.11.0)
  - SwiftyJSON (4.3.0)

DEPENDENCIES:
  - RealmSwift
  - SwiftyJSON (~> 4.0)

SPEC REPOS:
  trunk:
    - Realm
    - RealmSwift
    - SwiftyJSON

SPEC CHECKSUMS:
  Realm: 39ff23f0f709cd4ed93eb47ee6593c2158945b38
  RealmSwift: 42713e09a8631070d6c12c3c5fb22b8edc1daa41
  SwiftyJSON: 6faa0040f8b59dead0ee07436cbf76b73c08fd08

PODFILE CHECKSUM: 14b436df2d0954e4307667534a3b5d08e63de8e1

COCOAPODS: 1.10.2
